{
    "_meta": {
        "hash": {
            "sha256": "17b7f5becf601f67f3d3ea3161d3693737c68c257a734e8c358aa562d0151cf1"
        },
        "pipfile-spec": 6,
        "requires": {
            "python_version": "3.6"
        },
        "sources": [
            {
                "name": "pypi",
                "url": "https://pypi.org/simple",
                "verify_ssl": true
            }
        ]
    },
    "default": {
        "asn1crypto": {
            "hashes": [
                "sha256:7bb1cc02a5620b3d72da4ba070bda2f44f0e61b44dee910a302eddff802b6fb5",
                "sha256:87620880a477123e01177a1f73d0f327210b43a3cdbd714efcd2fa49a8d7b384"
            ],
            "version": "==1.2.0"
        },
        "certifi": {
            "hashes": [
                "sha256:e4f3620cfea4f83eedc95b24abd9cd56f3c4b146dd0177e83a21b4eb49e21e50",
                "sha256:fd7c7c74727ddcf00e9acd26bba8da604ffec95bf1c2144e67aff7a8b50e6cef"
            ],
            "version": "==2019.9.11"
        },
        "cffi": {
            "hashes": [
                "sha256:08f99e8b38d5134d504aa7e486af8e4fde66a2f388bbecc270cdd1e00fa09ff8",
                "sha256:1112d2fc92a867a6103bce6740a549e74b1d320cf28875609f6e93857eee4f2d",
                "sha256:1b9ab50c74e075bd2ae489853c5f7f592160b379df53b7f72befcbe145475a36",
                "sha256:24eff2997436b6156c2f30bed215c782b1d8fd8c6a704206053c79af95962e45",
                "sha256:2eff642fbc9877a6449026ad66bf37c73bf4232505fb557168ba5c502f95999b",
                "sha256:362e896cea1249ed5c2a81cf6477fabd9e1a5088aa7ea08358a4c6b0998294d2",
                "sha256:40eddb3589f382cb950f2dcf1c39c9b8d7bd5af20665ce273815b0d24635008b",
                "sha256:5ed40760976f6b8613d4a0db5e423673ca162d4ed6c9ed92d1f4e58a47ee01b5",
                "sha256:632c6112c1e914c486f06cfe3f0cc507f44aa1e00ebf732cedb5719e6aa0466a",
                "sha256:64d84f0145e181f4e6cc942088603c8db3ae23485c37eeda71cb3900b5e67cb4",
                "sha256:6cb4edcf87d0e7f5bdc7e5c1a0756fbb37081b2181293c5fdf203347df1cd2a2",
                "sha256:6f19c9df4785305669335b934c852133faed913c0faa63056248168966f7a7d5",
                "sha256:719537b4c5cd5218f0f47826dd705fb7a21d83824920088c4214794457113f3f",
                "sha256:7b0e337a70e58f1a36fb483fd63880c9e74f1db5c532b4082bceac83df1523fa",
                "sha256:853376efeeb8a4ae49a737d5d30f5db8cdf01d9319695719c4af126488df5a6a",
                "sha256:85bbf77ffd12985d76a69d2feb449e35ecdcb4fc54a5f087d2bd54158ae5bb0c",
                "sha256:8978115c6f0b0ce5880bc21c967c65058be8a15f1b81aa5fdbdcbea0e03952d1",
                "sha256:8f7eec920bc83692231d7306b3e311586c2e340db2dc734c43c37fbf9c981d24",
                "sha256:8fe230f612c18af1df6f348d02d682fe2c28ca0a6c3856c99599cdacae7cf226",
                "sha256:92068ebc494b5f9826b822cec6569f1f47b9a446a3fef477e1d11d7fac9ea895",
                "sha256:b57e1c8bcdd7340e9c9d09613b5e7fdd0c600be142f04e2cc1cc8cb7c0b43529",
                "sha256:ba956c9b44646bc1852db715b4a252e52a8f5a4009b57f1dac48ba3203a7bde1",
                "sha256:ca42034c11eb447497ea0e7b855d87ccc2aebc1e253c22e7d276b8599c112a27",
                "sha256:dc9b2003e9a62bbe0c84a04c61b0329e86fccd85134a78d7aca373bbbf788165",
                "sha256:dd308802beb4b2961af8f037becbdf01a1e85009fdfc14088614c1b3c383fae5",
                "sha256:e77cd105b19b8cd721d101687fcf665fd1553eb7b57556a1ef0d453b6fc42faa",
                "sha256:f56dff1bd81022f1c980754ec721fb8da56192b026f17f0f99b965da5ab4fbd2",
                "sha256:fa4cc13c03ea1d0d37ce8528e0ecc988d2365e8ac64d8d86cafab4038cb4ce89",
                "sha256:fa8cf1cb974a9f5911d2a0303f6adc40625c05578d8e7ff5d313e1e27850bd59",
                "sha256:fb003019f06d5fc0aa4738492ad8df1fa343b8a37cbcf634018ad78575d185df",
                "sha256:fd409b7778167c3bcc836484a8f49c0e0b93d3e745d975749f83aa5d18a5822f",
                "sha256:fe5d65a3ee38122003245a82303d11ac05ff36531a8f5ce4bc7d4bbc012797e1"
            ],
            "version": "==1.13.0"
        },
        "chardet": {
            "hashes": [
                "sha256:84ab92ed1c4d4f16916e05906b6b75a6c0fb5db821cc65e70cbd64a3e2a5eaae",
                "sha256:fc323ffcaeaed0e0a02bf4d117757b98aed530d9ed4531e3e15460124c106691"
            ],
            "version": "==3.0.4"
        },
        "click": {
            "hashes": [
                "sha256:29f99fc6125fbc931b758dc053b3114e55c77a6e4c6c3a2674a2dc986016381d",
                "sha256:f15516df478d5a56180fbf80e68f206010e6d160fc39fa508b65e035fd75130b"
            ],
            "index": "pypi",
            "version": "==6.7"
        },
        "cryptography": {
            "hashes": [
                "sha256:025a96e48164106f2082b00f42bf430cf21f09e203e42585a712e420b75cbff0",
                "sha256:2230c186182d773064d06242e0fa604cd718bfff28aa9c5ae73d7e426e98a151",
                "sha256:2908f709f02711dbb10561a9f154d2f7d1792385e2341e9708539cc4ecfb8667",
                "sha256:2a5e577f5d2093e51486b4ec02b51bb5adb165b98fee99929d5af0813e90b469",
                "sha256:2eb8297b877cb6b56216750fa7017c9f5786bec8afd6a0f1aaace02cbfb6195f",
                "sha256:365eb804362e581c9a02e7a610b30514f07dd77b2a38aed338eb5192446bbc58",
                "sha256:3dc94ed5a26b8553a325767358f505c0a43e0c89df078647f77a4d022ddcdc57",
                "sha256:469a9d3d851038f1eb7d7f77bb08bb4775b41483372be450e25b293fe57bd59e",
                "sha256:533143321d15c8743f91eec5c5f495c1b5cad9a25de8f6dab01eddd6b416903e",
                "sha256:5474fe5ce6b517d3086e0231b6ad88f8978c551c4379f91c3d619c308490f0d7",
                "sha256:5518337022718029e367d982642f3e3523541e098ad671672a90b82474c84882",
                "sha256:5ff169869624e23767d70db274f13a9ea4e97c029425a1224aa5e049e84ce2af",
                "sha256:61eb3534f8ed2415dd708b28919205d523f220e4cd5b8165844edfdd4a649b8e",
                "sha256:7db719432648f14ea33edffc5f75330c595804eac86ca916528b35ce50a8bfd6",
                "sha256:9d9da8bac2e31003d092f5ef6981a725c77c4e9a30638436884d61ad39f9a1ee",
                "sha256:c26e057a2de13e97e708328d295c5ac4cd3eab4a5c42ce727dd1a53316034b8a",
                "sha256:ca72537a7064bb80e34b6908e576ffc8e2c2cad29a7168f48d0999df089695c3",
                "sha256:fab8ec6866e384d9827d5dc02a1383e991a6c05c54f818316c4b829e56ca2ba3"
            ],
            "version": "==1.9"
        },
        "enum34": {
            "hashes": [
                "sha256:2d81cbbe0e73112bdfe6ef8576f2238f2ba27dd0d55752a776c41d38b7da2850",
                "sha256:644837f692e5f550741432dd3f223bbb9852018674981b1664e5dc339387588a",
                "sha256:6bd0f6ad48ec2aa117d3d141940d484deccda84d4fcd884f5c3d93c23ecd8c79",
                "sha256:8ad8c4783bf61ded74527bffb48ed9b54166685e4230386a9ed9b1279e2df5b1"
            ],
            "version": "==1.1.6"
        },
        "idna": {
            "hashes": [
                "sha256:156a6814fb5ac1fc6850fb002e0852d56c0c8d2531923a51032d1b70760e186e",
                "sha256:684a38a6f903c1d71d6d5fac066b58d7768af4de2b832e426ec79c30daa94a16"
            ],
            "version": "==2.7"
        },
        "ipaddress": {
            "hashes": [
                "sha256:6e0f4a39e66cb5bb9a137b00276a2eff74f93b71dcbdad6f10ff7df9d3557fcc",
                "sha256:b7f8e0369580bb4a24d5ba1d7cc29660a4a6987763faf1d8a8046830e020e7e2"
            ],
            "version": "==1.0.23"
        },
        "jwt": {
            "hashes": [
                "sha256:2ce85a94ac6dbfe1836724e80d8a4acafd4981a36ebae90eace7c3bc3ead03ac",
                "sha256:369a478e10780dd3952bad8682ea0e2aebb0d4dbac83bbbb3907c022903a762e",
                "sha256:398fb3411ba4d24ca91dca38dcfc5d884694a555fadf275dc80d5be94bf0238f",
                "sha256:3ee6a0800dd4ea8614b6e6638cc67ab3c6d6f05c8e545b129a4a04593e6c4cb8"
            ],
            "index": "pypi",
            "version": "==0.5.3"
        },
        "pycparser": {
            "hashes": [
                "sha256:a988718abfad80b6b157acce7bf130a30876d27603738ac39f140993246b25b3"
            ],
            "version": "==2.19"
        },
        "requests": {
            "hashes": [
                "sha256:99dcfdaaeb17caf6e526f32b6a7b780461512ab3f1d992187801694cba42770c",
                "sha256:a84b8c9ab6239b578f22d1c21d51b696dcfe004032bb80ea832398d6909d7279"
            ],
            "index": "pypi",
            "version": "==2.20.0"
        },
        "six": {
            "hashes": [
                "sha256:3350809f0555b11f552448330d0b52d5f24c91a322ea4a15ef22629740f3761c",
                "sha256:d16a0141ec1a18405cd4ce8b4613101da75da0e9a7aec5bdd4fa804d0e0eba73"
            ],
            "version": "==1.12.0"
        },
        "tabulate": {
            "hashes": [
                "sha256:e4ca13f26d0a6be2a2915428dc21e732f1e44dad7f76d7030b2ef1ec251cf7f2"
            ],
            "index": "pypi",
            "version": "==0.8.2"
        },
        "urllib3": {
            "hashes": [
                "sha256:2393a695cd12afedd0dcb26fe5d50d0cf248e5a66f75dbd89a3d4eb333a61af4",
                "sha256:a637e5fae88995b256e3409dc4d52c2e2e0ba32c42a6365fee8bbd2238de3cfb"
            ],
            "version": "==1.24.3"
        }
    },
    "develop": {}
}
